
Microsoft Visual Studio Solution File, Format Version 12.00
# Visual Studio Version 16
VisualStudioVersion = 16.0.30611.23
MinimumVisualStudioVersion = 10.0.40219.1
Project("{FAE04EC0-301F-11D3-BF4B-00C04F79EFBC}") = "Common", "Common.csproj", "{3097D828-F74F-4301-A142-16330E3BAB01}"
EndProject
Global
	GlobalSection(SolutionConfigurationPlatforms) = preSolution
		Debug|Any CPU = Debug|Any CPU
		Release|Any CPU = Release|Any CPU
	EndGlobalSection
	GlobalSection(ProjectConfigurationPlatforms) = postSolution
		{3097D828-F74F-4301-A142-16330E3BAB01}.Debug|Any CPU.ActiveCfg = Debug|Any CPU
		{3097D828-F74F-4301-A142-16330E3BAB01}.Debug|Any CPU.Build.0 = Debug|Any CPU
		{3097D828-F74F-4301-A142-16330E3BAB01}.Release|Any CPU.ActiveCfg = Release|Any CPU
		{3097D828-F74F-4301-A142-16330E3BAB01}.Release|Any CPU.Build.0 = Release|Any CPU
	EndGlobalSection
	GlobalSection(SolutionProperties) = preSolution
		HideSolutionNode = FALSE
	EndGlobalSection
	GlobalSection(ExtensibilityGlobals) = postSolution
		SolutionGuid = {0DA104B0-7EA0-41FD-ADA5-2D0329DDAADB}
	EndGlobalSection
EndGlobal
