
Microsoft Visual Studio Solution File, Format Version 12.00
# Visual Studio Version 16
VisualStudioVersion = 16.0.30611.23
MinimumVisualStudioVersion = 10.0.40219.1
Project("{9A19103F-16F7-4668-BE54-9A1E7A4F7556}") = "Microsoft.Bing.Search.WebSearch", "src\Microsoft.Bing.Search.WebSearch.csproj", "{3664FB41-9B5C-4DC4-8EB4-E95F2A515A84}"
EndProject
Project("{9A19103F-16F7-4668-BE54-9A1E7A4F7556}") = "Microsoft.Bing.Search.WebSearch.Tests", "tests\Microsoft.Bing.Search.WebSearch.Tests.csproj", "{4450CFEF-0C07-495E-9787-425563EC60AF}"
EndProject
Global
	GlobalSection(SolutionConfigurationPlatforms) = preSolution
		Debug|Any CPU = Debug|Any CPU
		Release|Any CPU = Release|Any CPU
	EndGlobalSection
	GlobalSection(ProjectConfigurationPlatforms) = postSolution
		{3664FB41-9B5C-4DC4-8EB4-E95F2A515A84}.Debug|Any CPU.ActiveCfg = Debug|Any CPU
		{3664FB41-9B5C-4DC4-8EB4-E95F2A515A84}.Debug|Any CPU.Build.0 = Debug|Any CPU
		{3664FB41-9B5C-4DC4-8EB4-E95F2A515A84}.Release|Any CPU.ActiveCfg = Release|Any CPU
		{3664FB41-9B5C-4DC4-8EB4-E95F2A515A84}.Release|Any CPU.Build.0 = Release|Any CPU
		{4450CFEF-0C07-495E-9787-425563EC60AF}.Debug|Any CPU.ActiveCfg = Debug|Any CPU
		{4450CFEF-0C07-495E-9787-425563EC60AF}.Debug|Any CPU.Build.0 = Debug|Any CPU
		{4450CFEF-0C07-495E-9787-425563EC60AF}.Release|Any CPU.ActiveCfg = Release|Any CPU
		{4450CFEF-0C07-495E-9787-425563EC60AF}.Release|Any CPU.Build.0 = Release|Any CPU
	EndGlobalSection
	GlobalSection(SolutionProperties) = preSolution
		HideSolutionNode = FALSE
	EndGlobalSection
	GlobalSection(ExtensibilityGlobals) = postSolution
		SolutionGuid = {5DE0AAB1-628C-42FB-8809-EDEBBC73B840}
	EndGlobalSection
EndGlobal
