
Microsoft Visual Studio Solution File, Format Version 12.00
# Visual Studio Version 16
VisualStudioVersion = 16.0.30611.23
MinimumVisualStudioVersion = 10.0.40219.1
Project("{9A19103F-16F7-4668-BE54-9A1E7A4F7556}") = "Microsoft.Bing.Search.AutoSuggest", "Microsoft.Bing.Search.AutoSuggest.csproj", "{05FC1550-4963-4D20-801B-E93980CB65C4}"
EndProject
Project("{9A19103F-16F7-4668-BE54-9A1E7A4F7556}") = "Microsoft.Bing.Search.AutoSuggest.Tests", "..\test\Microsoft.Bing.Search.AutoSuggest.Tests.csproj", "{70AA3146-A627-405E-8C60-A095CE8D1E38}"
EndProject
Global
	GlobalSection(SolutionConfigurationPlatforms) = preSolution
		Debug|Any CPU = Debug|Any CPU
		Release|Any CPU = Release|Any CPU
	EndGlobalSection
	GlobalSection(ProjectConfigurationPlatforms) = postSolution
		{05FC1550-4963-4D20-801B-E93980CB65C4}.Debug|Any CPU.ActiveCfg = Debug|Any CPU
		{05FC1550-4963-4D20-801B-E93980CB65C4}.Debug|Any CPU.Build.0 = Debug|Any CPU
		{05FC1550-4963-4D20-801B-E93980CB65C4}.Release|Any CPU.ActiveCfg = Release|Any CPU
		{05FC1550-4963-4D20-801B-E93980CB65C4}.Release|Any CPU.Build.0 = Release|Any CPU
		{70AA3146-A627-405E-8C60-A095CE8D1E38}.Debug|Any CPU.ActiveCfg = Debug|Any CPU
		{70AA3146-A627-405E-8C60-A095CE8D1E38}.Debug|Any CPU.Build.0 = Debug|Any CPU
		{70AA3146-A627-405E-8C60-A095CE8D1E38}.Release|Any CPU.ActiveCfg = Release|Any CPU
		{70AA3146-A627-405E-8C60-A095CE8D1E38}.Release|Any CPU.Build.0 = Release|Any CPU
	EndGlobalSection
	GlobalSection(SolutionProperties) = preSolution
		HideSolutionNode = FALSE
	EndGlobalSection
	GlobalSection(ExtensibilityGlobals) = postSolution
		SolutionGuid = {DD4B53F2-95EF-4042-BC22-4DBA8DFE7509}
	EndGlobalSection
EndGlobal
