
Microsoft Visual Studio Solution File, Format Version 12.00
# Visual Studio Version 16
VisualStudioVersion = 16.0.30611.23
MinimumVisualStudioVersion = 10.0.40219.1
Project("{9A19103F-16F7-4668-BE54-9A1E7A4F7556}") = "Microsoft.Bing.Search.CustomImageSearch", "src\Microsoft.Bing.Search.CustomImageSearch.csproj", "{6444A0AA-F5E4-4658-8077-024813D558FC}"
EndProject
Project("{9A19103F-16F7-4668-BE54-9A1E7A4F7556}") = "Microsoft.Bing.Search.CustomImageSearch.Tests", "tests\Microsoft.Bing.Search.CustomImageSearch.Tests.csproj", "{EC434B12-C475-4DA1-A74A-321F55D27418}"
EndProject
Global
	GlobalSection(SolutionConfigurationPlatforms) = preSolution
		Debug|Any CPU = Debug|Any CPU
		Release|Any CPU = Release|Any CPU
	EndGlobalSection
	GlobalSection(ProjectConfigurationPlatforms) = postSolution
		{6444A0AA-F5E4-4658-8077-024813D558FC}.Debug|Any CPU.ActiveCfg = Debug|Any CPU
		{6444A0AA-F5E4-4658-8077-024813D558FC}.Debug|Any CPU.Build.0 = Debug|Any CPU
		{6444A0AA-F5E4-4658-8077-024813D558FC}.Release|Any CPU.ActiveCfg = Release|Any CPU
		{6444A0AA-F5E4-4658-8077-024813D558FC}.Release|Any CPU.Build.0 = Release|Any CPU
		{EC434B12-C475-4DA1-A74A-321F55D27418}.Debug|Any CPU.ActiveCfg = Debug|Any CPU
		{EC434B12-C475-4DA1-A74A-321F55D27418}.Debug|Any CPU.Build.0 = Debug|Any CPU
		{EC434B12-C475-4DA1-A74A-321F55D27418}.Release|Any CPU.ActiveCfg = Release|Any CPU
		{EC434B12-C475-4DA1-A74A-321F55D27418}.Release|Any CPU.Build.0 = Release|Any CPU
	EndGlobalSection
	GlobalSection(SolutionProperties) = preSolution
		HideSolutionNode = FALSE
	EndGlobalSection
	GlobalSection(ExtensibilityGlobals) = postSolution
		SolutionGuid = {50AF6FE4-E306-4E8C-B105-A6B360BAD039}
	EndGlobalSection
EndGlobal
