
Microsoft Visual Studio Solution File, Format Version 12.00
# Visual Studio Version 16
VisualStudioVersion = 16.0.30611.23
MinimumVisualStudioVersion = 10.0.40219.1
Project("{9A19103F-16F7-4668-BE54-9A1E7A4F7556}") = "Microsoft.Bing.Search.NewsSearch", "src\Microsoft.Bing.Search.NewsSearch.csproj", "{C365F97D-FD65-47FC-BADA-4FF160E445AF}"
EndProject
Project("{9A19103F-16F7-4668-BE54-9A1E7A4F7556}") = "Microsoft.Bing.Search.NewsSearch.Tests", "tests\Microsoft.Bing.Search.NewsSearch.Tests.csproj", "{4F0DDE40-F7FE-481E-B9FB-81FF7E6B484D}"
EndProject
Global
	GlobalSection(SolutionConfigurationPlatforms) = preSolution
		Debug|Any CPU = Debug|Any CPU
		Release|Any CPU = Release|Any CPU
	EndGlobalSection
	GlobalSection(ProjectConfigurationPlatforms) = postSolution
		{C365F97D-FD65-47FC-BADA-4FF160E445AF}.Debug|Any CPU.ActiveCfg = Debug|Any CPU
		{C365F97D-FD65-47FC-BADA-4FF160E445AF}.Debug|Any CPU.Build.0 = Debug|Any CPU
		{C365F97D-FD65-47FC-BADA-4FF160E445AF}.Release|Any CPU.ActiveCfg = Release|Any CPU
		{C365F97D-FD65-47FC-BADA-4FF160E445AF}.Release|Any CPU.Build.0 = Release|Any CPU
		{4F0DDE40-F7FE-481E-B9FB-81FF7E6B484D}.Debug|Any CPU.ActiveCfg = Debug|Any CPU
		{4F0DDE40-F7FE-481E-B9FB-81FF7E6B484D}.Debug|Any CPU.Build.0 = Debug|Any CPU
		{4F0DDE40-F7FE-481E-B9FB-81FF7E6B484D}.Release|Any CPU.ActiveCfg = Release|Any CPU
		{4F0DDE40-F7FE-481E-B9FB-81FF7E6B484D}.Release|Any CPU.Build.0 = Release|Any CPU
	EndGlobalSection
	GlobalSection(SolutionProperties) = preSolution
		HideSolutionNode = FALSE
	EndGlobalSection
	GlobalSection(ExtensibilityGlobals) = postSolution
		SolutionGuid = {74B894FE-2983-4527-882A-0BCC7F8AE9B6}
	EndGlobalSection
EndGlobal
